
Microsoft Visual Studio Solution File, Format Version 12.00
# Visual Studio Version 18
VisualStudioVersion = 18.6.11828.311
MinimumVisualStudioVersion = 10.0.40219.1
Project("{2150E333-8FDC-42A3-9474-1A3956D46DE8}") = "Demo", "Demo", "{1B2E0F7F-A337-4703-9C2D-4D1E616E3E8B}"
EndProject
Project("{FAE04EC0-301F-11D3-BF4B-00C04F79EFBC}") = "CloudWeb.Nuget", "CloudWeb.Nuget\CloudWeb.Nuget.csproj", "{AF3C7034-0FF7-4892-80B5-5D0AB0E6CF99}"
EndProject
Project("{FAE04EC0-301F-11D3-BF4B-00C04F79EFBC}") = "CloudWeb.Tests", "CloudWeb.Tests\CloudWeb.Tests.csproj", "{41B8DDF3-1F45-F0CA-2A12-37A75309CEB5}"
EndProject
Project("{FAE04EC0-301F-11D3-BF4B-00C04F79EFBC}") = "CloudWeb", "CloudWeb\CloudWeb.csproj", "{69BC093A-EEEE-1279-6B08-8998B27C7F3D}"
EndProject
Project("{FAE04EC0-301F-11D3-BF4B-00C04F79EFBC}") = "CloudWeb.Demo", "CloudWeb.Demo\CloudWeb.Demo.csproj", "{AE7C7F9D-EC42-5F54-B61F-E377CDAFD04B}"
EndProject
Project("{2150E333-8FDC-42A3-9474-1A3956D46DE8}") = "Solution Folder", "Solution Folder", "{7573FCBA-0E55-4A33-9702-4EDDDB50E19E}"
	ProjectSection(SolutionItems) = preProject
		README.md = README.md
	EndProjectSection
EndProject
Global
	GlobalSection(SolutionConfigurationPlatforms) = preSolution
		Debug|Any CPU = Debug|Any CPU
		Release|Any CPU = Release|Any CPU
	EndGlobalSection
	GlobalSection(ProjectConfigurationPlatforms) = postSolution
		{AF3C7034-0FF7-4892-80B5-5D0AB0E6CF99}.Debug|Any CPU.ActiveCfg = Debug|Any CPU
		{AF3C7034-0FF7-4892-80B5-5D0AB0E6CF99}.Debug|Any CPU.Build.0 = Debug|Any CPU
		{AF3C7034-0FF7-4892-80B5-5D0AB0E6CF99}.Release|Any CPU.ActiveCfg = Release|Any CPU
		{AF3C7034-0FF7-4892-80B5-5D0AB0E6CF99}.Release|Any CPU.Build.0 = Release|Any CPU
		{41B8DDF3-1F45-F0CA-2A12-37A75309CEB5}.Debug|Any CPU.ActiveCfg = Debug|Any CPU
		{41B8DDF3-1F45-F0CA-2A12-37A75309CEB5}.Debug|Any CPU.Build.0 = Debug|Any CPU
		{41B8DDF3-1F45-F0CA-2A12-37A75309CEB5}.Release|Any CPU.ActiveCfg = Release|Any CPU
		{41B8DDF3-1F45-F0CA-2A12-37A75309CEB5}.Release|Any CPU.Build.0 = Release|Any CPU
		{69BC093A-EEEE-1279-6B08-8998B27C7F3D}.Debug|Any CPU.ActiveCfg = Debug|Any CPU
		{69BC093A-EEEE-1279-6B08-8998B27C7F3D}.Debug|Any CPU.Build.0 = Debug|Any CPU
		{69BC093A-EEEE-1279-6B08-8998B27C7F3D}.Release|Any CPU.ActiveCfg = Release|Any CPU
		{69BC093A-EEEE-1279-6B08-8998B27C7F3D}.Release|Any CPU.Build.0 = Release|Any CPU
		{AE7C7F9D-EC42-5F54-B61F-E377CDAFD04B}.Debug|Any CPU.ActiveCfg = Debug|Any CPU
		{AE7C7F9D-EC42-5F54-B61F-E377CDAFD04B}.Debug|Any CPU.Build.0 = Debug|Any CPU
		{AE7C7F9D-EC42-5F54-B61F-E377CDAFD04B}.Release|Any CPU.ActiveCfg = Release|Any CPU
		{AE7C7F9D-EC42-5F54-B61F-E377CDAFD04B}.Release|Any CPU.Build.0 = Release|Any CPU
	EndGlobalSection
	GlobalSection(SolutionProperties) = preSolution
		HideSolutionNode = FALSE
	EndGlobalSection
	GlobalSection(NestedProjects) = preSolution
		{41B8DDF3-1F45-F0CA-2A12-37A75309CEB5} = {1B2E0F7F-A337-4703-9C2D-4D1E616E3E8B}
		{AE7C7F9D-EC42-5F54-B61F-E377CDAFD04B} = {1B2E0F7F-A337-4703-9C2D-4D1E616E3E8B}
	EndGlobalSection
	GlobalSection(ExtensibilityGlobals) = postSolution
		SolutionGuid = {9F5B754A-A22A-498B-B424-99525E303428}
	EndGlobalSection
EndGlobal
